
Microsoft Visual Studio Solution File, Format Version 12.00
# Visual Studio Version 16
VisualStudioVersion = 16.0.31829.152
MinimumVisualStudioVersion = 10.0.40219.1
Project("{9A19103F-16F7-4668-BE54-9A1E7A4F7556}") = "ConsoleApplicationLawHouse", "ConsoleApplicationLawHouse\ConsoleApplicationLawHouse.csproj", "{E3C3DDC7-505B-4976-A190-F4F665826876}"
EndProject
Project("{9A19103F-16F7-4668-BE54-9A1E7A4F7556}") = "WinFormsAppLawHouse", "WinFormsAppLawHouse\WinFormsAppLawHouse.csproj", "{18558189-A5D8-4285-8BA2-98FDEBA2DC43}"
EndProject
Project("{FAE04EC0-301F-11D3-BF4B-00C04F79EFBC}") = "LawHouse.Test", "LawHouse.Test\LawHouse.Test.csproj", "{F107BB24-57BD-4201-AC2A-62BFAD41CCEA}"
EndProject
Global
	GlobalSection(SolutionConfigurationPlatforms) = preSolution
		Debug|Any CPU = Debug|Any CPU
		Release|Any CPU = Release|Any CPU
	EndGlobalSection
	GlobalSection(ProjectConfigurationPlatforms) = postSolution
		{E3C3DDC7-505B-4976-A190-F4F665826876}.Debug|Any CPU.ActiveCfg = Debug|Any CPU
		{E3C3DDC7-505B-4976-A190-F4F665826876}.Debug|Any CPU.Build.0 = Debug|Any CPU
		{E3C3DDC7-505B-4976-A190-F4F665826876}.Release|Any CPU.ActiveCfg = Release|Any CPU
		{E3C3DDC7-505B-4976-A190-F4F665826876}.Release|Any CPU.Build.0 = Release|Any CPU
		{18558189-A5D8-4285-8BA2-98FDEBA2DC43}.Debug|Any CPU.ActiveCfg = Debug|Any CPU
		{18558189-A5D8-4285-8BA2-98FDEBA2DC43}.Debug|Any CPU.Build.0 = Debug|Any CPU
		{18558189-A5D8-4285-8BA2-98FDEBA2DC43}.Release|Any CPU.ActiveCfg = Release|Any CPU
		{18558189-A5D8-4285-8BA2-98FDEBA2DC43}.Release|Any CPU.Build.0 = Release|Any CPU
		{F107BB24-57BD-4201-AC2A-62BFAD41CCEA}.Debug|Any CPU.ActiveCfg = Debug|Any CPU
		{F107BB24-57BD-4201-AC2A-62BFAD41CCEA}.Debug|Any CPU.Build.0 = Debug|Any CPU
		{F107BB24-57BD-4201-AC2A-62BFAD41CCEA}.Release|Any CPU.ActiveCfg = Release|Any CPU
		{F107BB24-57BD-4201-AC2A-62BFAD41CCEA}.Release|Any CPU.Build.0 = Release|Any CPU
	EndGlobalSection
	GlobalSection(SolutionProperties) = preSolution
		HideSolutionNode = FALSE
	EndGlobalSection
	GlobalSection(ExtensibilityGlobals) = postSolution
		SolutionGuid = {3EB4E1C5-5CE3-4CEF-A3B4-9CB6E07B12D8}
	EndGlobalSection
EndGlobal
